lockfileVersion: '6.0'

settings:
  autoInstallPeers: true
  excludeLinksFromLockfile: false

dependencies:
  '@adamburgess/linq':
    specifier: ^3.0.0
    version: 3.0.0
  dayjs:
    specifier: ^1.11.9
    version: 1.11.9
  front-matter:
    specifier: ^4.0.2
    version: 4.0.2
  readdirp:
    specifier: ^3.6.0
    version: 3.6.0

devDependencies:
  '@types/node':
    specifier: ^20.4.5
    version: 20.4.5

packages:

  /@adamburgess/linq@3.0.0:
    resolution: {integrity: sha512-3AXhQK8owD+bb991XmK7gosuX01lv7L8bfj2jMbBkhrsxEyfH3Zc7daY4lQxmKUABmIg5ZdVvO0U1C70b3BhQA==}
    dev: false

  /@types/node@20.4.5:
    resolution: {integrity: sha512-rt40Nk13II9JwQBdeYqmbn2Q6IVTA5uPhvSO+JVqdXw/6/4glI6oR9ezty/A9Hg5u7JH4OmYmuQ+XvjKm0Datg==}
    dev: true

  /argparse@1.0.10:
    resolution: {integrity: sha512-o5Roy6tNG4SL/FOkCAN6RzjiakZS25RLYFrcMttJqbdd8BWrnA+fGz57iN5Pb06pvBGvl5gQ0B48dJlslXvoTg==}
    dependencies:
      sprintf-js: 1.0.3
    dev: false

  /dayjs@1.11.9:
    resolution: {integrity: sha512-QvzAURSbQ0pKdIye2txOzNaHmxtUBXerpY0FJsFXUMKbIZeFm5ht1LS/jFsrncjnmtv8HsG0W2g6c0zUjZWmpA==}
    dev: false

  /esprima@4.0.1:
    resolution: {integrity: sha512-eGuFFw7Upda+g4p+QHvnW0RyTX/SVeJBDM/gCtMARO0cLuT2HcEKnTPvhjV6aGeqrCB/sbNop0Kszm0jsaWU4A==}
    engines: {node: '>=4'}
    hasBin: true
    dev: false

  /front-matter@4.0.2:
    resolution: {integrity: sha512-I8ZuJ/qG92NWX8i5x1Y8qyj3vizhXS31OxjKDu3LKP+7/qBgfIKValiZIEwoVoJKUHlhWtYrktkxV1XsX+pPlg==}
    dependencies:
      js-yaml: 3.14.1
    dev: false

  /js-yaml@3.14.1:
    resolution: {integrity: sha512-okMH7OXXJ7YrN9Ok3/SXrnu4iX9yOk+25nqX4imS2npuvTYDmo/QEZoqwZkYaIDk3jVvBOTOIEgEhaLOynBS9g==}
    hasBin: true
    dependencies:
      argparse: 1.0.10
      esprima: 4.0.1
    dev: false

  /picomatch@2.3.1:
    resolution: {integrity: sha512-JU3teHTNjmE2VCGFzuY8EXzCDVwEqB2a8fsIvwaStHhAWJEeVd1o1QD80CU6+ZdEXXSLbSsuLwJjkCBWqRQUVA==}
    engines: {node: '>=8.6'}
    dev: false

  /readdirp@3.6.0:
    resolution: {integrity: sha512-hOS089on8RduqdbhvQ5Z37A0ESjsqz6qnRcffsMU3495FuTdqSm+7bhJ29JvIOsBDEEnan5DPu9t3To9VRlMzA==}
    engines: {node: '>=8.10.0'}
    dependencies:
      picomatch: 2.3.1
    dev: false

  /sprintf-js@1.0.3:
    resolution: {integrity: sha512-D9cPgkvLlV3t3IzL0D0YLvGA9Ahk4PcvVwUbN0dSGr1aP0Nrt4AEnTUbuGvquEC0mA64Gqt1fzirlRs5ibXx8g==}
    dev: false
